
Microsoft Visual Studio Solution File, Format Version 12.00
# Visual Studio Version 17
VisualStudioVersion = 17.2.32519.379
MinimumVisualStudioVersion = 10.0.40219.1
Project("{8BC9CEB8-8B4A-11D0-8D11-00A0C91BC942}") = "LearningSDL2", "LearningSDL2\LearningSDL2.vcxproj", "{7B631A88-0D09-4AD1-86E9-29155B1BE3F9}"
EndProject
Global
	GlobalSection(SolutionConfigurationPlatforms) = preSolution
		Debug|x64 = Debug|x64
		Debug|x86 = Debug|x86
		Release|x64 = Release|x64
		Release|x86 = Release|x86
	EndGlobalSection
	GlobalSection(ProjectConfigurationPlatforms) = postSolution
		{7B631A88-0D09-4AD1-86E9-29155B1BE3F9}.Debug|x64.ActiveCfg = Debug|x64
		{7B631A88-0D09-4AD1-86E9-29155B1BE3F9}.Debug|x64.Build.0 = Debug|x64
		{7B631A88-0D09-4AD1-86E9-29155B1BE3F9}.Debug|x86.ActiveCfg = Debug|x64
		{7B631A88-0D09-4AD1-86E9-29155B1BE3F9}.Release|x64.ActiveCfg = Release|x64
		{7B631A88-0D09-4AD1-86E9-29155B1BE3F9}.Release|x64.Build.0 = Release|x64
		{7B631A88-0D09-4AD1-86E9-29155B1BE3F9}.Release|x86.ActiveCfg = Release|x64
	EndGlobalSection
	GlobalSection(SolutionProperties) = preSolution
		HideSolutionNode = FALSE
	EndGlobalSection
	GlobalSection(ExtensibilityGlobals) = postSolution
		SolutionGuid = {E09E7841-C52F-4FF8-BF81-1D3187C5EA3D}
	EndGlobalSection
EndGlobal
